// !$*UTF8*$!
{
	archiveVersion = 1;
	classes = {
	};
	objectVersion = 56;
	objects = {

/* Begin PBXBuildFile section */
		F403993E2B16B44D00713052 /* CompleteToDoIntent.swift in Sources */ = {isa = PBXBuildFile; fileRef = F403993D2B16B44D00713052 /* CompleteToDoIntent.swift */; };
		F403993F2B16BA0A00713052 /* CompleteToDoIntent.swift in Sources */ = {isa = PBXBuildFile; fileRef = F403993D2B16B44D00713052 /* CompleteToDoIntent.swift */; };
		F41C08102B168883003D3E22 /* IntegractiveWidgetKitApp.swift in Sources */ = {isa = PBXBuildFile; fileRef = F41C080F2B168883003D3E22 /* IntegractiveWidgetKitApp.swift */; };
		F41C08122B168883003D3E22 /* ContentView.swift in Sources */ = {isa = PBXBuildFile; fileRef = F41C08112B168883003D3E22 /* ContentView.swift */; };
		F41C08142B168884003D3E22 /* Assets.xcassets in Resources */ = {isa = PBXBuildFile; fileRef = F41C08132B168884003D3E22 /* Assets.xcassets */; };
		F41C08172B168884003D3E22 /* Preview Assets.xcassets in Resources */ = {isa = PBXBuildFile; fileRef = F41C08162B168884003D3E22 /* Preview Assets.xcassets */; };
		F41C08242B1689C4003D3E22 /* WidgetKit.framework in Frameworks */ = {isa = PBXBuildFile; fileRef = F41C08232B1689C3003D3E22 /* WidgetKit.framework */; };
		F41C08262B1689C4003D3E22 /* SwiftUI.framework in Frameworks */ = {isa = PBXBuildFile; fileRef = F41C08252B1689C4003D3E22 /* SwiftUI.framework */; };
		F41C08292B1689C4003D3E22 /* ToDoWidgetBundle.swift in Sources */ = {isa = PBXBuildFile; fileRef = F41C08282B1689C4003D3E22 /* ToDoWidgetBundle.swift */; };
		F41C082B2B1689C4003D3E22 /* ToDoWidget.swift in Sources */ = {isa = PBXBuildFile; fileRef = F41C082A2B1689C4003D3E22 /* ToDoWidget.swift */; };
		F41C082D2B1689C5003D3E22 /* Assets.xcassets in Resources */ = {isa = PBXBuildFile; fileRef = F41C082C2B1689C5003D3E22 /* Assets.xcassets */; };
		F41C08312B1689C5003D3E22 /* ToDoWidgetExtension.appex in Embed Foundation Extensions */ = {isa = PBXBuildFile; fileRef = F41C08212B1689C3003D3E22 /* ToDoWidgetExtension.appex */; settings = {ATTRIBUTES = (RemoveHeadersOnCopy, ); }; };
		F41C08372B168A7E003D3E22 /* ToDo.swift in Sources */ = {isa = PBXBuildFile; fileRef = F41C08362B168A7E003D3E22 /* ToDo.swift */; };
		F41C08382B1690D7003D3E22 /* ToDo.swift in Sources */ = {isa = PBXBuildFile; fileRef = F41C08362B168A7E003D3E22 /* ToDo.swift */; };
/* End PBXBuildFile section */

/* Begin PBXContainerItemProxy section */
		F41C082F2B1689C5003D3E22 /* PBXContainerItemProxy */ = {
			isa = PBXContainerItemProxy;
			containerPortal = F41C08042B168883003D3E22 /* Project object */;
			proxyType = 1;
			remoteGlobalIDString = F41C08202B1689C3003D3E22;
			remoteInfo = ToDoWidgetExtension;
		};
/* End PBXContainerItemProxy section */

/* Begin PBXCopyFilesBuildPhase section */
		F41C08352B1689C5003D3E22 /* Embed Foundation Extensions */ = {
			isa = PBXCopyFilesBuildPhase;
			buildActionMask = 2147483647;
			dstPath = "";
			dstSubfolderSpec = 13;
			files = (
				F41C08312B1689C5003D3E22 /* ToDoWidgetExtension.appex in Embed Foundation Extensions */,
			);
			name = "Embed Foundation Extensions";
			runOnlyForDeploymentPostprocessing = 0;
		};
/* End PBXCopyFilesBuildPhase section */

/* Begin PBXFileReference section */
		F403993D2B16B44D00713052 /* CompleteToDoIntent.swift */ = {isa = PBXFileReference; lastKnownFileType = sourcecode.swift; path = CompleteToDoIntent.swift; sourceTree = "<group>"; };
		F41C080C2B168883003D3E22 /* IntegractiveWidgetKit.app */ = {isa = PBXFileReference; explicitFileType = wrapper.application; includeInIndex = 0; path = IntegractiveWidgetKit.app; sourceTree = BUILT_PRODUCTS_DIR; };
		F41C080F2B168883003D3E22 /* IntegractiveWidgetKitApp.swift */ = {isa = PBXFileReference; lastKnownFileType = sourcecode.swift; path = IntegractiveWidgetKitApp.swift; sourceTree = "<group>"; };
		F41C08112B168883003D3E22 /* ContentView.swift */ = {isa = PBXFileReference; lastKnownFileType = sourcecode.swift; path = ContentView.swift; sourceTree = "<group>"; };
		F41C08132B168884003D3E22 /* Assets.xcassets */ = {isa = PBXFileReference; lastKnownFileType = folder.assetcatalog; path = Assets.xcassets; sourceTree = "<group>"; };
		F41C08162B168884003D3E22 /* Preview Assets.xcassets */ = {isa = PBXFileReference; lastKnownFileType = folder.assetcatalog; path = "Preview Assets.xcassets"; sourceTree = "<group>"; };
		F41C08212B1689C3003D3E22 /* ToDoWidgetExtension.appex */ = {isa = PBXFileReference; explicitFileType = "wrapper.app-extension"; includeInIndex = 0; path = ToDoWidgetExtension.appex; sourceTree = BUILT_PRODUCTS_DIR; };
		F41C08232B1689C3003D3E22 /* WidgetKit.framework */ = {isa = PBXFileReference; lastKnownFileType = wrapper.framework; name = WidgetKit.framework; path = System/Library/Frameworks/WidgetKit.framework; sourceTree = SDKROOT; };
		F41C08252B1689C4003D3E22 /* SwiftUI.framework */ = {isa = PBXFileReference; lastKnownFileType = wrapper.framework; name = SwiftUI.framework; path = System/Library/Frameworks/SwiftUI.framework; sourceTree = SDKROOT; };
		F41C08282B1689C4003D3E22 /* ToDoWidgetBundle.swift */ = {isa = PBXFileReference; lastKnownFileType = sourcecode.swift; path = ToDoWidgetBundle.swift; sourceTree = "<group>"; };
		F41C082A2B1689C4003D3E22 /* ToDoWidget.swift */ = {isa = PBXFileReference; lastKnownFileType = sourcecode.swift; path = ToDoWidget.swift; sourceTree = "<group>"; };
		F41C082C2B1689C5003D3E22 /* Assets.xcassets */ = {isa = PBXFileReference; lastKnownFileType = folder.assetcatalog; path = Assets.xcassets; sourceTree = "<group>"; };
		F41C082E2B1689C5003D3E22 /* Info.plist */ = {isa = PBXFileReference; lastKnownFileType = text.plist.xml; path = Info.plist; sourceTree = "<group>"; };
		F41C08362B168A7E003D3E22 /* ToDo.swift */ = {isa = PBXFileReference; lastKnownFileType = sourcecode.swift; path = ToDo.swift; sourceTree = "<group>"; };
/* End PBXFileReference section */

/* Begin PBXFrameworksBuildPhase section */
		F41C08092B168883003D3E22 /* Frameworks */ = {
			isa = PBXFrameworksBuildPhase;
			buildActionMask = 2147483647;
			files = (
			);
			runOnlyForDeploymentPostprocessing = 0;
		};
		F41C081E2B1689C3003D3E22 /* Frameworks */ = {
			isa = PBXFrameworksBuildPhase;
			buildActionMask = 2147483647;
			files = (
				F41C08262B1689C4003D3E22 /* SwiftUI.framework in Frameworks */,
				F41C08242B1689C4003D3E22 /* WidgetKit.framework in Frameworks */,
			);
			runOnlyForDeploymentPostprocessing = 0;
		};
/* End PBXFrameworksBuildPhase section */

/* Begin PBXGroup section */
		F41C08032B168883003D3E22 = {
			isa = PBXGroup;
			children = (
				F41C080E2B168883003D3E22 /* IntegractiveWidgetKit */,
				F41C08272B1689C4003D3E22 /* ToDoWidget */,
				F41C08222B1689C3003D3E22 /* Frameworks */,
				F41C080D2B168883003D3E22 /* Products */,
			);
			sourceTree = "<group>";
		};
		F41C080D2B168883003D3E22 /* Products */ = {
			isa = PBXGroup;
			children = (
				F41C080C2B168883003D3E22 /* IntegractiveWidgetKit.app */,
				F41C08212B1689C3003D3E22 /* ToDoWidgetExtension.appex */,
			);
			name = Products;
			sourceTree = "<group>";
		};
		F41C080E2B168883003D3E22 /* IntegractiveWidgetKit */ = {
			isa = PBXGroup;
			children = (
				F41C080F2B168883003D3E22 /* IntegractiveWidgetKitApp.swift */,
				F41C08112B168883003D3E22 /* ContentView.swift */,
				F41C08132B168884003D3E22 /* Assets.xcassets */,
				F41C08152B168884003D3E22 /* Preview Content */,
				F41C08362B168A7E003D3E22 /* ToDo.swift */,
			);
			path = IntegractiveWidgetKit;
			sourceTree = "<group>";
		};
		F41C08152B168884003D3E22 /* Preview Content */ = {
			isa = PBXGroup;
			children = (
				F41C08162B168884003D3E22 /* Preview Assets.xcassets */,
			);
			path = "Preview Content";
			sourceTree = "<group>";
		};
		F41C08222B1689C3003D3E22 /* Frameworks */ = {
			isa = PBXGroup;
			children = (
				F41C08232B1689C3003D3E22 /* WidgetKit.framework */,
				F41C08252B1689C4003D3E22 /* SwiftUI.framework */,
			);
			name = Frameworks;
			sourceTree = "<group>";
		};
		F41C08272B1689C4003D3E22 /* ToDoWidget */ = {
			isa = PBXGroup;
			children = (
				F41C08282B1689C4003D3E22 /* ToDoWidgetBundle.swift */,
				F41C082A2B1689C4003D3E22 /* ToDoWidget.swift */,
				F41C082C2B1689C5003D3E22 /* Assets.xcassets */,
				F41C082E2B1689C5003D3E22 /* Info.plist */,
				F403993D2B16B44D00713052 /* CompleteToDoIntent.swift */,
			);
			path = ToDoWidget;
			sourceTree = "<group>";
		};
/* End PBXGroup section */

/* Begin PBXNativeTarget section */
		F41C080B2B168883003D3E22 /* IntegractiveWidgetKit */ = {
			isa = PBXNativeTarget;
			buildConfigurationList = F41C081A2B168884003D3E22 /* Build configuration list for PBXNativeTarget "IntegractiveWidgetKit" */;
			buildPhases = (
				F41C08082B168883003D3E22 /* Sources */,
				F41C08092B168883003D3E22 /* Frameworks */,
				F41C080A2B168883003D3E22 /* Resources */,
				F41C08352B1689C5003D3E22 /* Embed Foundation Extensions */,
			);
			buildRules = (
			);
			dependencies = (
				F41C08302B1689C5003D3E22 /* PBXTargetDependency */,
			);
			name = IntegractiveWidgetKit;
			productName = IntegractiveWidgetKit;
			productReference = F41C080C2B168883003D3E22 /* IntegractiveWidgetKit.app */;
			productType = "com.apple.product-type.application";
		};
		F41C08202B1689C3003D3E22 /* ToDoWidgetExtension */ = {
			isa = PBXNativeTarget;
			buildConfigurationList = F41C08322B1689C5003D3E22 /* Build configuration list for PBXNativeTarget "ToDoWidgetExtension" */;
			buildPhases = (
				F41C081D2B1689C3003D3E22 /* Sources */,
				F41C081E2B1689C3003D3E22 /* Frameworks */,
				F41C081F2B1689C3003D3E22 /* Resources */,
			);
			buildRules = (
			);
			dependencies = (
			);
			name = ToDoWidgetExtension;
			productName = ToDoWidgetExtension;
			productReference = F41C08212B1689C3003D3E22 /* ToDoWidgetExtension.appex */;
			productType = "com.apple.product-type.app-extension";
		};
/* End PBXNativeTarget section */

/* Begin PBXProject section */
		F41C08042B168883003D3E22 /* Project object */ = {
			isa = PBXProject;
			attributes = {
				BuildIndependentTargetsInParallel = 1;
				LastSwiftUpdateCheck = 1500;
				LastUpgradeCheck = 1500;
				TargetAttributes = {
					F41C080B2B168883003D3E22 = {
						CreatedOnToolsVersion = 15.0.1;
					};
					F41C08202B1689C3003D3E22 = {
						CreatedOnToolsVersion = 15.0.1;
					};
				};
			};
			buildConfigurationList = F41C08072B168883003D3E22 /* Build configuration list for PBXProject "IntegractiveWidgetKit" */;
			compatibilityVersion = "Xcode 14.0";
			developmentRegion = en;
			hasScannedForEncodings = 0;
			knownRegions = (
				en,
				Base,
			);
			mainGroup = F41C08032B168883003D3E22;
			productRefGroup = F41C080D2B168883003D3E22 /* Products */;
			projectDirPath = "";
			projectRoot = "";
			targets = (
				F41C080B2B168883003D3E22 /* IntegractiveWidgetKit */,
				F41C08202B1689C3003D3E22 /* ToDoWidgetExtension */,
			);
		};
/* End PBXProject section */

/* Begin PBXResourcesBuildPhase section */
		F41C080A2B168883003D3E22 /* Resources */ = {
			isa = PBXResourcesBuildPhase;
			buildActionMask = 2147483647;
			files = (
				F41C08172B168884003D3E22 /* Preview Assets.xcassets in Resources */,
				F41C08142B168884003D3E22 /* Assets.xcassets in Resources */,
			);
			runOnlyForDeploymentPostprocessing = 0;
		};
		F41C081F2B1689C3003D3E22 /* Resources */ = {
			isa = PBXResourcesBuildPhase;
			buildActionMask = 2147483647;
			files = (
				F41C082D2B1689C5003D3E22 /* Assets.xcassets in Resources */,
			);
			runOnlyForDeploymentPostprocessing = 0;
		};
/* End PBXResourcesBuildPhase section */

/* Begin PBXSourcesBuildPhase section */
		F41C08082B168883003D3E22 /* Sources */ = {
			isa = PBXSourcesBuildPhase;
			buildActionMask = 2147483647;
			files = (
				F403993E2B16B44D00713052 /* CompleteToDoIntent.swift in Sources */,
				F41C08372B168A7E003D3E22 /* ToDo.swift in Sources */,
				F41C08122B168883003D3E22 /* ContentView.swift in Sources */,
				F41C08102B168883003D3E22 /* IntegractiveWidgetKitApp.swift in Sources */,
			);
			runOnlyForDeploymentPostprocessing = 0;
		};
		F41C081D2B1689C3003D3E22 /* Sources */ = {
			isa = PBXSourcesBuildPhase;
			buildActionMask = 2147483647;
			files = (
				F403993F2B16BA0A00713052 /* CompleteToDoIntent.swift in Sources */,
				F41C08382B1690D7003D3E22 /* ToDo.swift in Sources */,
				F41C08292B1689C4003D3E22 /* ToDoWidgetBundle.swift in Sources */,
				F41C082B2B1689C4003D3E22 /* ToDoWidget.swift in Sources */,
			);
			runOnlyForDeploymentPostprocessing = 0;
		};
/* End PBXSourcesBuildPhase section */

/* Begin PBXTargetDependency section */
		F41C08302B1689C5003D3E22 /* PBXTargetDependency */ = {
			isa = PBXTargetDependency;
			target = F41C08202B1689C3003D3E22 /* ToDoWidgetExtension */;
			targetProxy = F41C082F2B1689C5003D3E22 /* PBXContainerItemProxy */;
		};
/* End PBXTargetDependency section */

/* Begin XCBuildConfiguration section */
		F41C08182B168884003D3E22 /* Debug */ = {
			isa = XCBuildConfiguration;
			buildSettings = {
				ALWAYS_SEARCH_USER_PATHS = NO;
				ASSETCATALOG_COMPILER_GENERATE_SWIFT_ASSET_SYMBOL_EXTENSIONS = YES;
				CLANG_ANALYZER_NONNULL = YES;
				CLANG_ANALYZER_NUMBER_OBJECT_CONVERSION = YES_AGGRESSIVE;
				CLANG_CXX_LANGUAGE_STANDARD = "gnu++20";
				CLANG_ENABLE_MODULES = YES;
				CLANG_ENABLE_OBJC_ARC = YES;
				CLANG_ENABLE_OBJC_WEAK = YES;
				CLANG_WARN_BLOCK_CAPTURE_AUTORELEASING = YES;
				CLANG_WARN_BOOL_CONVERSION = YES;
				CLANG_WARN_COMMA = YES;
				CLANG_WARN_CONSTANT_CONVERSION = YES;
				CLANG_WARN_DEPRECATED_OBJC_IMPLEMENTATIONS = YES;
				CLANG_WARN_DIRECT_OBJC_ISA_USAGE = YES_ERROR;
				CLANG_WARN_DOCUMENTATION_COMMENTS = YES;
				CLANG_WARN_EMPTY_BODY = YES;
				CLANG_WARN_ENUM_CONVERSION = YES;
				CLANG_WARN_INFINITE_RECURSION = YES;
				CLANG_WARN_INT_CONVERSION = YES;
				CLANG_WARN_NON_LITERAL_NULL_CONVERSION = YES;
				CLANG_WARN_OBJC_IMPLICIT_RETAIN_SELF = YES;
				CLANG_WARN_OBJC_LITERAL_CONVERSION = YES;
				CLANG_WARN_OBJC_ROOT_CLASS = YES_ERROR;
				CLANG_WARN_QUOTED_INCLUDE_IN_FRAMEWORK_HEADER = YES;
				CLANG_WARN_RANGE_LOOP_ANALYSIS = YES;
				CLANG_WARN_STRICT_PROTOTYPES = YES;
				CLANG_WARN_SUSPICIOUS_MOVE = YES;
				CLANG_WARN_UNGUARDED_AVAILABILITY = YES_AGGRESSIVE;
				CLANG_WARN_UNREACHABLE_CODE = YES;
				CLANG_WARN__DUPLICATE_METHOD_MATCH = YES;
				COPY_PHASE_STRIP = NO;
				DEBUG_INFORMATION_FORMAT = dwarf;
				ENABLE_STRICT_OBJC_MSGSEND = YES;
				ENABLE_TESTABILITY = YES;
				ENABLE_USER_SCRIPT_SANDBOXING = YES;
				GCC_C_LANGUAGE_STANDARD = gnu17;
				GCC_DYNAMIC_NO_PIC = NO;
				GCC_NO_COMMON_BLOCKS = YES;
				GCC_OPTIMIZATION_LEVEL = 0;
				GCC_PREPROCESSOR_DEFINITIONS = (
					"DEBUG=1",
					"$(inherited)",
				);
				GCC_WARN_64_TO_32_BIT_CONVERSION = YES;
				GCC_WARN_ABOUT_RETURN_TYPE = YES_ERROR;
				GCC_WARN_UNDECLARED_SELECTOR = YES;
				GCC_WARN_UNINITIALIZED_AUTOS = YES_AGGRESSIVE;
				GCC_WARN_UNUSED_FUNCTION = YES;
				GCC_WARN_UNUSED_VARIABLE = YES;
				IPHONEOS_DEPLOYMENT_TARGET = 17.0;
				LOCALIZATION_PREFERS_STRING_CATALOGS = YES;
				MTL_ENABLE_DEBUG_INFO = INCLUDE_SOURCE;
				MTL_FAST_MATH = YES;
				ONLY_ACTIVE_ARCH = YES;
				SDKROOT = iphoneos;
				SWIFT_ACTIVE_COMPILATION_CONDITIONS = "DEBUG $(inherited)";
				SWIFT_OPTIMIZATION_LEVEL = "-Onone";
			};
			name = Debug;
		};
		F41C08192B168884003D3E22 /* Release */ = {
			isa = XCBuildConfiguration;
			buildSettings = {
				ALWAYS_SEARCH_USER_PATHS = NO;
				ASSETCATALOG_COMPILER_GENERATE_SWIFT_ASSET_SYMBOL_EXTENSIONS = YES;
				CLANG_ANALYZER_NONNULL = YES;
				CLANG_ANALYZER_NUMBER_OBJECT_CONVERSION = YES_AGGRESSIVE;
				CLANG_CXX_LANGUAGE_STANDARD = "gnu++20";
				CLANG_ENABLE_MODULES = YES;
				CLANG_ENABLE_OBJC_ARC = YES;
				CLANG_ENABLE_OBJC_WEAK = YES;
				CLANG_WARN_BLOCK_CAPTURE_AUTORELEASING = YES;
				CLANG_WARN_BOOL_CONVERSION = YES;
				CLANG_WARN_COMMA = YES;
				CLANG_WARN_CONSTANT_CONVERSION = YES;
				CLANG_WARN_DEPRECATED_OBJC_IMPLEMENTATIONS = YES;
				CLANG_WARN_DIRECT_OBJC_ISA_USAGE = YES_ERROR;
				CLANG_WARN_DOCUMENTATION_COMMENTS = YES;
				CLANG_WARN_EMPTY_BODY = YES;
				CLANG_WARN_ENUM_CONVERSION = YES;
				CLANG_WARN_INFINITE_RECURSION = YES;
				CLANG_WARN_INT_CONVERSION = YES;
				CLANG_WARN_NON_LITERAL_NULL_CONVERSION = YES;
				CLANG_WARN_OBJC_IMPLICIT_RETAIN_SELF = YES;
				CLANG_WARN_OBJC_LITERAL_CONVERSION = YES;
				CLANG_WARN_OBJC_ROOT_CLASS = YES_ERROR;
				CLANG_WARN_QUOTED_INCLUDE_IN_FRAMEWORK_HEADER = YES;
				CLANG_WARN_RANGE_LOOP_ANALYSIS = YES;
				CLANG_WARN_STRICT_PROTOTYPES = YES;
				CLANG_WARN_SUSPICIOUS_MOVE = YES;
				CLANG_WARN_UNGUARDED_AVAILABILITY = YES_AGGRESSIVE;
				CLANG_WARN_UNREACHABLE_CODE = YES;
				CLANG_WARN__DUPLICATE_METHOD_MATCH = YES;
				COPY_PHASE_STRIP = NO;
				DEBUG_INFORMATION_FORMAT = "dwarf-with-dsym";
				ENABLE_NS_ASSERTIONS = NO;
				ENABLE_STRICT_OBJC_MSGSEND = YES;
				ENABLE_USER_SCRIPT_SANDBOXING = YES;
				GCC_C_LANGUAGE_STANDARD = gnu17;
				GCC_NO_COMMON_BLOCKS = YES;
				GCC_WARN_64_TO_32_BIT_CONVERSION = YES;
				GCC_WARN_ABOUT_RETURN_TYPE = YES_ERROR;
				GCC_WARN_UNDECLARED_SELECTOR = YES;
				GCC_WARN_UNINITIALIZED_AUTOS = YES_AGGRESSIVE;
				GCC_WARN_UNUSED_FUNCTION = YES;
				GCC_WARN_UNUSED_VARIABLE = YES;
				IPHONEOS_DEPLOYMENT_TARGET = 17.0;
				LOCALIZATION_PREFERS_STRING_CATALOGS = YES;
				MTL_ENABLE_DEBUG_INFO = NO;
				MTL_FAST_MATH = YES;
				SDKROOT = iphoneos;
				SWIFT_COMPILATION_MODE = wholemodule;
				VALIDATE_PRODUCT = YES;
			};
			name = Release;
		};
		F41C081B2B168884003D3E22 /* Debug */ = {
			isa = XCBuildConfiguration;
			buildSettings = {
				ALWAYS_EMBED_SWIFT_STANDARD_LIBRARIES = YES;
				ASSETCATALOG_COMPILER_APPICON_NAME = AppIcon;
				ASSETCATALOG_COMPILER_GLOBAL_ACCENT_COLOR_NAME = AccentColor;
				CODE_SIGN_STYLE = Automatic;
				CURRENT_PROJECT_VERSION = 1;
				DEVELOPMENT_ASSET_PATHS = "\"IntegractiveWidgetKit/Preview Content\"";
				DEVELOPMENT_TEAM = 98YXJBZVMH;
				ENABLE_PREVIEWS = YES;
				GENERATE_INFOPLIST_FILE = YES;
				INFOPLIST_KEY_UIApplicationSceneManifest_Generation = YES;
				INFOPLIST_KEY_UIApplicationSupportsIndirectInputEvents = YES;
				INFOPLIST_KEY_UILaunchScreen_Generation = YES;
				INFOPLIST_KEY_UISupportedInterfaceOrientations_iPad = "UIInterfaceOrientationPortrait UIInterfaceOrientationPortraitUpsideDown UIInterfaceOrientationLandscapeLeft UIInterfaceOrientationLandscapeRight";
				INFOPLIST_KEY_UISupportedInterfaceOrientations_iPhone = "UIInterfaceOrientationPortrait UIInterfaceOrientationLandscapeLeft UIInterfaceOrientationLandscapeRight";
				LD_RUNPATH_SEARCH_PATHS = (
					"$(inherited)",
					"@executable_path/Frameworks",
				);
				MARKETING_VERSION = 1.0;
				PRODUCT_BUNDLE_IDENTIFIER = com.hasanbilgin.IntegractiveWidgetKit;
				PRODUCT_NAME = "$(TARGET_NAME)";
				SWIFT_EMIT_LOC_STRINGS = YES;
				SWIFT_VERSION = 5.0;
				TARGETED_DEVICE_FAMILY = "1,2";
			};
			name = Debug;
		};
		F41C081C2B168884003D3E22 /* Release */ = {
			isa = XCBuildConfiguration;
			buildSettings = {
				ALWAYS_EMBED_SWIFT_STANDARD_LIBRARIES = YES;
				ASSETCATALOG_COMPILER_APPICON_NAME = AppIcon;
				ASSETCATALOG_COMPILER_GLOBAL_ACCENT_COLOR_NAME = AccentColor;
				CODE_SIGN_STYLE = Automatic;
				CURRENT_PROJECT_VERSION = 1;
				DEVELOPMENT_ASSET_PATHS = "\"IntegractiveWidgetKit/Preview Content\"";
				DEVELOPMENT_TEAM = 98YXJBZVMH;
				ENABLE_PREVIEWS = YES;
				GENERATE_INFOPLIST_FILE = YES;
				INFOPLIST_KEY_UIApplicationSceneManifest_Generation = YES;
				INFOPLIST_KEY_UIApplicationSupportsIndirectInputEvents = YES;
				INFOPLIST_KEY_UILaunchScreen_Generation = YES;
				INFOPLIST_KEY_UISupportedInterfaceOrientations_iPad = "UIInterfaceOrientationPortrait UIInterfaceOrientationPortraitUpsideDown UIInterfaceOrientationLandscapeLeft UIInterfaceOrientationLandscapeRight";
				INFOPLIST_KEY_UISupportedInterfaceOrientations_iPhone = "UIInterfaceOrientationPortrait UIInterfaceOrientationLandscapeLeft UIInterfaceOrientationLandscapeRight";
				LD_RUNPATH_SEARCH_PATHS = (
					"$(inherited)",
					"@executable_path/Frameworks",
				);
				MARKETING_VERSION = 1.0;
				PRODUCT_BUNDLE_IDENTIFIER = com.hasanbilgin.IntegractiveWidgetKit;
				PRODUCT_NAME = "$(TARGET_NAME)";
				SWIFT_EMIT_LOC_STRINGS = YES;
				SWIFT_VERSION = 5.0;
				TARGETED_DEVICE_FAMILY = "1,2";
			};
			name = Release;
		};
		F41C08332B1689C5003D3E22 /* Debug */ = {
			isa = XCBuildConfiguration;
			buildSettings = {
				ASSETCATALOG_COMPILER_GLOBAL_ACCENT_COLOR_NAME = AccentColor;
				ASSETCATALOG_COMPILER_WIDGET_BACKGROUND_COLOR_NAME = WidgetBackground;
				CODE_SIGN_STYLE = Automatic;
				CURRENT_PROJECT_VERSION = 1;
				DEVELOPMENT_TEAM = 98YXJBZVMH;
				GENERATE_INFOPLIST_FILE = YES;
				INFOPLIST_FILE = ToDoWidget/Info.plist;
				INFOPLIST_KEY_CFBundleDisplayName = ToDoWidget;
				INFOPLIST_KEY_NSHumanReadableCopyright = "";
				LD_RUNPATH_SEARCH_PATHS = (
					"$(inherited)",
					"@executable_path/Frameworks",
					"@executable_path/../../Frameworks",
				);
				MARKETING_VERSION = 1.0;
				PRODUCT_BUNDLE_IDENTIFIER = com.hasanbilgin.IntegractiveWidgetKit.ToDoWidget;
				PRODUCT_NAME = "$(TARGET_NAME)";
				SKIP_INSTALL = YES;
				SWIFT_EMIT_LOC_STRINGS = YES;
				SWIFT_VERSION = 5.0;
				TARGETED_DEVICE_FAMILY = "1,2";
			};
			name = Debug;
		};
		F41C08342B1689C5003D3E22 /* Release */ = {
			isa = XCBuildConfiguration;
			buildSettings = {
				ASSETCATALOG_COMPILER_GLOBAL_ACCENT_COLOR_NAME = AccentColor;
				ASSETCATALOG_COMPILER_WIDGET_BACKGROUND_COLOR_NAME = WidgetBackground;
				CODE_SIGN_STYLE = Automatic;
				CURRENT_PROJECT_VERSION = 1;
				DEVELOPMENT_TEAM = 98YXJBZVMH;
				GENERATE_INFOPLIST_FILE = YES;
				INFOPLIST_FILE = ToDoWidget/Info.plist;
				INFOPLIST_KEY_CFBundleDisplayName = ToDoWidget;
				INFOPLIST_KEY_NSHumanReadableCopyright = "";
				LD_RUNPATH_SEARCH_PATHS = (
					"$(inherited)",
					"@executable_path/Frameworks",
					"@executable_path/../../Frameworks",
				);
				MARKETING_VERSION = 1.0;
				PRODUCT_BUNDLE_IDENTIFIER = com.hasanbilgin.IntegractiveWidgetKit.ToDoWidget;
				PRODUCT_NAME = "$(TARGET_NAME)";
				SKIP_INSTALL = YES;
				SWIFT_EMIT_LOC_STRINGS = YES;
				SWIFT_VERSION = 5.0;
				TARGETED_DEVICE_FAMILY = "1,2";
			};
			name = Release;
		};
/* End XCBuildConfiguration section */

/* Begin XCConfigurationList section */
		F41C08072B168883003D3E22 /* Build configuration list for PBXProject "IntegractiveWidgetKit" */ = {
			isa = XCConfigurationList;
			buildConfigurations = (
				F41C08182B168884003D3E22 /* Debug */,
				F41C08192B168884003D3E22 /* Release */,
			);
			defaultConfigurationIsVisible = 0;
			defaultConfigurationName = Release;
		};
		F41C081A2B168884003D3E22 /* Build configuration list for PBXNativeTarget "IntegractiveWidgetKit" */ = {
			isa = XCConfigurationList;
			buildConfigurations = (
				F41C081B2B168884003D3E22 /* Debug */,
				F41C081C2B168884003D3E22 /* Release */,
			);
			defaultConfigurationIsVisible = 0;
			defaultConfigurationName = Release;
		};
		F41C08322B1689C5003D3E22 /* Build configuration list for PBXNativeTarget "ToDoWidgetExtension" */ = {
			isa = XCConfigurationList;
			buildConfigurations = (
				F41C08332B1689C5003D3E22 /* Debug */,
				F41C08342B1689C5003D3E22 /* Release */,
			);
			defaultConfigurationIsVisible = 0;
			defaultConfigurationName = Release;
		};
/* End XCConfigurationList section */
	};
	rootObject = F41C08042B168883003D3E22 /* Project object */;
}
